
Microsoft Visual Studio Solution File, Format Version 12.00
# Visual Studio Version 17
VisualStudioVersion = 17.11.35208.52
MinimumVisualStudioVersion = 10.0.40219.1
Project("{9A19103F-16F7-4668-BE54-9A1E7A4F7556}") = "HomeWork", "HomeWork.csproj", "{EECCAF43-8BD0-491C-BFCB-B4C9F0FCAC22}"
EndProject
Global
	GlobalSection(SolutionConfigurationPlatforms) = preSolution
		Debug|Any CPU = Debug|Any CPU
		Release|Any CPU = Release|Any CPU
	EndGlobalSection
	GlobalSection(ProjectConfigurationPlatforms) = postSolution
		{EECCAF43-8BD0-491C-BFCB-B4C9F0FCAC22}.Debug|Any CPU.ActiveCfg = Debug|Any CPU
		{EECCAF43-8BD0-491C-BFCB-B4C9F0FCAC22}.Debug|Any CPU.Build.0 = Debug|Any CPU
		{EECCAF43-8BD0-491C-BFCB-B4C9F0FCAC22}.Release|Any CPU.ActiveCfg = Release|Any CPU
		{EECCAF43-8BD0-491C-BFCB-B4C9F0FCAC22}.Release|Any CPU.Build.0 = Release|Any CPU
	EndGlobalSection
	GlobalSection(SolutionProperties) = preSolution
		HideSolutionNode = FALSE
	EndGlobalSection
	GlobalSection(ExtensibilityGlobals) = postSolution
		SolutionGuid = {94FB59A2-EC92-4785-8B6E-6F0CF3DF2E95}
	EndGlobalSection
EndGlobal
