
Microsoft Visual Studio Solution File, Format Version 12.00
# Visual Studio Version 17
VisualStudioVersion = 17.11.35208.52
MinimumVisualStudioVersion = 10.0.40219.1
Project("{9A19103F-16F7-4668-BE54-9A1E7A4F7556}") = "hw28_automation", "hw28_automation.csproj", "{2BD1669E-8630-4053-9ACB-E9495CDEAB34}"
EndProject
Global
	GlobalSection(SolutionConfigurationPlatforms) = preSolution
		Debug|Any CPU = Debug|Any CPU
		Release|Any CPU = Release|Any CPU
	EndGlobalSection
	GlobalSection(ProjectConfigurationPlatforms) = postSolution
		{2BD1669E-8630-4053-9ACB-E9495CDEAB34}.Debug|Any CPU.ActiveCfg = Debug|Any CPU
		{2BD1669E-8630-4053-9ACB-E9495CDEAB34}.Debug|Any CPU.Build.0 = Debug|Any CPU
		{2BD1669E-8630-4053-9ACB-E9495CDEAB34}.Release|Any CPU.ActiveCfg = Release|Any CPU
		{2BD1669E-8630-4053-9ACB-E9495CDEAB34}.Release|Any CPU.Build.0 = Release|Any CPU
	EndGlobalSection
	GlobalSection(SolutionProperties) = preSolution
		HideSolutionNode = FALSE
	EndGlobalSection
	GlobalSection(ExtensibilityGlobals) = postSolution
		SolutionGuid = {3E44B28E-A9F3-450D-9E97-B45B8291FCE2}
	EndGlobalSection
EndGlobal
